
Microsoft Visual Studio Solution File, Format Version 12.00
# Visual Studio Version 17
VisualStudioVersion = 17.12.35707.178
MinimumVisualStudioVersion = 10.0.40219.1
Project("{FAE04EC0-301F-11D3-BF4B-00C04F79EFBC}") = "AccessControlSystem.Api", "AccessControlSystem.Api.csproj", "{431823F7-0784-4D38-A96C-73CB8617D7A2}"
EndProject
Project("{FAE04EC0-301F-11D3-BF4B-00C04F79EFBC}") = "AccessControlSystem.Application", "..\AccessControlSystem.Application\AccessControlSystem.Application.csproj", "{6437E94C-ECC5-4AC6-83ED-20F677E81494}"
EndProject
Project("{FAE04EC0-301F-11D3-BF4B-00C04F79EFBC}") = "AccessControlSystem.Domain", "..\AccessControlSystem.Domain\AccessControlSystem.Domain.csproj", "{364CC9BD-A362-4F5D-961B-4EECD6D5D57F}"
EndProject
Project("{FAE04EC0-301F-11D3-BF4B-00C04F79EFBC}") = "AccessControlSystem.Infrastructure", "..\AccessControlSystem.Infrastructure\AccessControlSystem.Infrastructure.csproj", "{3E1C65F7-144E-44DD-8D78-C45D2E972E7F}"
EndProject
Project("{FAE04EC0-301F-11D3-BF4B-00C04F79EFBC}") = "Tests", "..\Tests\Tests.csproj", "{55482406-1A18-4AF3-B8BE-75CD0BF86344}"
EndProject
Global
	GlobalSection(SolutionConfigurationPlatforms) = preSolution
		Debug|Any CPU = Debug|Any CPU
		Release|Any CPU = Release|Any CPU
	EndGlobalSection
	GlobalSection(ProjectConfigurationPlatforms) = postSolution
		{431823F7-0784-4D38-A96C-73CB8617D7A2}.Debug|Any CPU.ActiveCfg = Debug|Any CPU
		{431823F7-0784-4D38-A96C-73CB8617D7A2}.Debug|Any CPU.Build.0 = Debug|Any CPU
		{431823F7-0784-4D38-A96C-73CB8617D7A2}.Release|Any CPU.ActiveCfg = Release|Any CPU
		{431823F7-0784-4D38-A96C-73CB8617D7A2}.Release|Any CPU.Build.0 = Release|Any CPU
		{6437E94C-ECC5-4AC6-83ED-20F677E81494}.Debug|Any CPU.ActiveCfg = Debug|Any CPU
		{6437E94C-ECC5-4AC6-83ED-20F677E81494}.Debug|Any CPU.Build.0 = Debug|Any CPU
		{6437E94C-ECC5-4AC6-83ED-20F677E81494}.Release|Any CPU.ActiveCfg = Release|Any CPU
		{6437E94C-ECC5-4AC6-83ED-20F677E81494}.Release|Any CPU.Build.0 = Release|Any CPU
		{364CC9BD-A362-4F5D-961B-4EECD6D5D57F}.Debug|Any CPU.ActiveCfg = Debug|Any CPU
		{364CC9BD-A362-4F5D-961B-4EECD6D5D57F}.Debug|Any CPU.Build.0 = Debug|Any CPU
		{364CC9BD-A362-4F5D-961B-4EECD6D5D57F}.Release|Any CPU.ActiveCfg = Release|Any CPU
		{364CC9BD-A362-4F5D-961B-4EECD6D5D57F}.Release|Any CPU.Build.0 = Release|Any CPU
		{3E1C65F7-144E-44DD-8D78-C45D2E972E7F}.Debug|Any CPU.ActiveCfg = Debug|Any CPU
		{3E1C65F7-144E-44DD-8D78-C45D2E972E7F}.Debug|Any CPU.Build.0 = Debug|Any CPU
		{3E1C65F7-144E-44DD-8D78-C45D2E972E7F}.Release|Any CPU.ActiveCfg = Release|Any CPU
		{3E1C65F7-144E-44DD-8D78-C45D2E972E7F}.Release|Any CPU.Build.0 = Release|Any CPU
		{55482406-1A18-4AF3-B8BE-75CD0BF86344}.Debug|Any CPU.ActiveCfg = Debug|Any CPU
		{55482406-1A18-4AF3-B8BE-75CD0BF86344}.Debug|Any CPU.Build.0 = Debug|Any CPU
		{55482406-1A18-4AF3-B8BE-75CD0BF86344}.Release|Any CPU.ActiveCfg = Release|Any CPU
		{55482406-1A18-4AF3-B8BE-75CD0BF86344}.Release|Any CPU.Build.0 = Release|Any CPU
	EndGlobalSection
	GlobalSection(SolutionProperties) = preSolution
		HideSolutionNode = FALSE
	EndGlobalSection
EndGlobal
